
Microsoft Visual Studio Solution File, Format Version 12.00
# Visual Studio Version 17
VisualStudioVersion = 17.3.32804.467
MinimumVisualStudioVersion = 10.0.40219.1
Project("{9A19103F-16F7-4668-BE54-9A1E7A4F7556}") = "BaterPonto.Api", "BaterPonto.Api\BaterPonto.Api.csproj", "{2912324C-1C7F-4FFB-83ED-1ACD33DDE6F0}"
EndProject
Project("{9A19103F-16F7-4668-BE54-9A1E7A4F7556}") = "BaterPonto.Application", "BaterPonto.Application\BaterPonto.Application.csproj", "{13AA64D7-49D0-444F-8E19-D8FF8EFC3AA5}"
EndProject
Project("{9A19103F-16F7-4668-BE54-9A1E7A4F7556}") = "BaterPonto.Domain", "BaterPonto.Domain\BaterPonto.Domain.csproj", "{233F58B6-A5D3-4C71-AF19-CFAAA48696C5}"
EndProject
Project("{9A19103F-16F7-4668-BE54-9A1E7A4F7556}") = "BaterPonto.Infra", "BaterPonto.Infra2\BaterPonto.Infra.csproj", "{5A92C0CE-9CD5-4464-8B51-79B504358203}"
EndProject
Project("{FAE04EC0-301F-11D3-BF4B-00C04F79EFBC}") = "BaterPonto.Testes", "BaterPonto.Testes\BaterPonto.Testes.csproj", "{2A037128-A15B-4026-88F7-99DC2E0E3660}"
EndProject
Global
	GlobalSection(SolutionConfigurationPlatforms) = preSolution
		Debug|Any CPU = Debug|Any CPU
		Release|Any CPU = Release|Any CPU
	EndGlobalSection
	GlobalSection(ProjectConfigurationPlatforms) = postSolution
		{2912324C-1C7F-4FFB-83ED-1ACD33DDE6F0}.Debug|Any CPU.ActiveCfg = Debug|Any CPU
		{2912324C-1C7F-4FFB-83ED-1ACD33DDE6F0}.Debug|Any CPU.Build.0 = Debug|Any CPU
		{2912324C-1C7F-4FFB-83ED-1ACD33DDE6F0}.Release|Any CPU.ActiveCfg = Release|Any CPU
		{2912324C-1C7F-4FFB-83ED-1ACD33DDE6F0}.Release|Any CPU.Build.0 = Release|Any CPU
		{13AA64D7-49D0-444F-8E19-D8FF8EFC3AA5}.Debug|Any CPU.ActiveCfg = Debug|Any CPU
		{13AA64D7-49D0-444F-8E19-D8FF8EFC3AA5}.Debug|Any CPU.Build.0 = Debug|Any CPU
		{13AA64D7-49D0-444F-8E19-D8FF8EFC3AA5}.Release|Any CPU.ActiveCfg = Release|Any CPU
		{13AA64D7-49D0-444F-8E19-D8FF8EFC3AA5}.Release|Any CPU.Build.0 = Release|Any CPU
		{233F58B6-A5D3-4C71-AF19-CFAAA48696C5}.Debug|Any CPU.ActiveCfg = Debug|Any CPU
		{233F58B6-A5D3-4C71-AF19-CFAAA48696C5}.Debug|Any CPU.Build.0 = Debug|Any CPU
		{233F58B6-A5D3-4C71-AF19-CFAAA48696C5}.Release|Any CPU.ActiveCfg = Release|Any CPU
		{233F58B6-A5D3-4C71-AF19-CFAAA48696C5}.Release|Any CPU.Build.0 = Release|Any CPU
		{5A92C0CE-9CD5-4464-8B51-79B504358203}.Debug|Any CPU.ActiveCfg = Debug|Any CPU
		{5A92C0CE-9CD5-4464-8B51-79B504358203}.Debug|Any CPU.Build.0 = Debug|Any CPU
		{5A92C0CE-9CD5-4464-8B51-79B504358203}.Release|Any CPU.ActiveCfg = Release|Any CPU
		{5A92C0CE-9CD5-4464-8B51-79B504358203}.Release|Any CPU.Build.0 = Release|Any CPU
		{2A037128-A15B-4026-88F7-99DC2E0E3660}.Debug|Any CPU.ActiveCfg = Debug|Any CPU
		{2A037128-A15B-4026-88F7-99DC2E0E3660}.Debug|Any CPU.Build.0 = Debug|Any CPU
		{2A037128-A15B-4026-88F7-99DC2E0E3660}.Release|Any CPU.ActiveCfg = Release|Any CPU
		{2A037128-A15B-4026-88F7-99DC2E0E3660}.Release|Any CPU.Build.0 = Release|Any CPU
	EndGlobalSection
	GlobalSection(SolutionProperties) = preSolution
		HideSolutionNode = FALSE
	EndGlobalSection
	GlobalSection(ExtensibilityGlobals) = postSolution
		SolutionGuid = {0508557D-0BFC-4AC2-887B-08D671B0DF9C}
	EndGlobalSection
EndGlobal
